
Microsoft Visual Studio Solution File, Format Version 12.00
# Visual Studio Version 17
VisualStudioVersion = 17.1.31903.365
MinimumVisualStudioVersion = 10.0.40219.1
Project("{9A19103F-16F7-4668-BE54-9A1E7A4F7556}") = "Tranzl8R.Web", "Tranzl8R.Web\Tranzl8R.Web.csproj", "{234F187F-E209-4B90-9E72-D7163BA75BF8}"
EndProject
Project("{9A19103F-16F7-4668-BE54-9A1E7A4F7556}") = "Tranzl8R.Grains.Interfaces", "Tranzl8R.Grains.Interfaces\Tranzl8R.Grains.Interfaces.csproj", "{F2B8DB2F-5DBB-48F1-A581-CF04C041207B}"
EndProject
Project("{9A19103F-16F7-4668-BE54-9A1E7A4F7556}") = "Tranzl8R.Grains", "Tranzl8R.Grains\Tranzl8R.Grains.csproj", "{C4660D4F-35B0-4AC5-BAD6-D11BC4DCA2A0}"
EndProject
Project("{9A19103F-16F7-4668-BE54-9A1E7A4F7556}") = "Tranzl8R.TranslationService", "Tranzl8R.TranslationService\Tranzl8R.TranslationService.csproj", "{806B7400-ADAB-4D1E-BB29-D3F092511218}"
EndProject
Project("{9A19103F-16F7-4668-BE54-9A1E7A4F7556}") = "Tranzl8R.OrleansDashboard", "Tranzl8R.OrleansDashboard\Tranzl8R.OrleansDashboard.csproj", "{B40A1272-91B0-498E-9B70-6D4ABEFDEA8F}"
EndProject
Project("{9A19103F-16F7-4668-BE54-9A1E7A4F7556}") = "Tranzl8R.Infrastructure", "Tranzl8R.Infrastructure\Tranzl8R.Infrastructure.csproj", "{33B17623-29CA-41E8-A1EF-264D28D5B85B}"
EndProject
Project("{9A19103F-16F7-4668-BE54-9A1E7A4F7556}") = "Orleans.Azure.Infrastructure", "..\Orleans.Azure.Infrastructure\Orleans.Azure.Infrastructure.csproj", "{0848695B-0062-4BDB-914A-0B4FD87FBF35}"
EndProject
Global
	GlobalSection(SolutionConfigurationPlatforms) = preSolution
		Debug|Any CPU = Debug|Any CPU
		Release|Any CPU = Release|Any CPU
	EndGlobalSection
	GlobalSection(ProjectConfigurationPlatforms) = postSolution
		{234F187F-E209-4B90-9E72-D7163BA75BF8}.Debug|Any CPU.ActiveCfg = Debug|Any CPU
		{234F187F-E209-4B90-9E72-D7163BA75BF8}.Debug|Any CPU.Build.0 = Debug|Any CPU
		{234F187F-E209-4B90-9E72-D7163BA75BF8}.Release|Any CPU.ActiveCfg = Release|Any CPU
		{234F187F-E209-4B90-9E72-D7163BA75BF8}.Release|Any CPU.Build.0 = Release|Any CPU
		{F2B8DB2F-5DBB-48F1-A581-CF04C041207B}.Debug|Any CPU.ActiveCfg = Debug|Any CPU
		{F2B8DB2F-5DBB-48F1-A581-CF04C041207B}.Debug|Any CPU.Build.0 = Debug|Any CPU
		{F2B8DB2F-5DBB-48F1-A581-CF04C041207B}.Release|Any CPU.ActiveCfg = Release|Any CPU
		{F2B8DB2F-5DBB-48F1-A581-CF04C041207B}.Release|Any CPU.Build.0 = Release|Any CPU
		{C4660D4F-35B0-4AC5-BAD6-D11BC4DCA2A0}.Debug|Any CPU.ActiveCfg = Debug|Any CPU
		{C4660D4F-35B0-4AC5-BAD6-D11BC4DCA2A0}.Debug|Any CPU.Build.0 = Debug|Any CPU
		{C4660D4F-35B0-4AC5-BAD6-D11BC4DCA2A0}.Release|Any CPU.ActiveCfg = Release|Any CPU
		{C4660D4F-35B0-4AC5-BAD6-D11BC4DCA2A0}.Release|Any CPU.Build.0 = Release|Any CPU
		{806B7400-ADAB-4D1E-BB29-D3F092511218}.Debug|Any CPU.ActiveCfg = Debug|Any CPU
		{806B7400-ADAB-4D1E-BB29-D3F092511218}.Debug|Any CPU.Build.0 = Debug|Any CPU
		{806B7400-ADAB-4D1E-BB29-D3F092511218}.Release|Any CPU.ActiveCfg = Release|Any CPU
		{806B7400-ADAB-4D1E-BB29-D3F092511218}.Release|Any CPU.Build.0 = Release|Any CPU
		{B40A1272-91B0-498E-9B70-6D4ABEFDEA8F}.Debug|Any CPU.ActiveCfg = Debug|Any CPU
		{B40A1272-91B0-498E-9B70-6D4ABEFDEA8F}.Debug|Any CPU.Build.0 = Debug|Any CPU
		{B40A1272-91B0-498E-9B70-6D4ABEFDEA8F}.Release|Any CPU.ActiveCfg = Release|Any CPU
		{B40A1272-91B0-498E-9B70-6D4ABEFDEA8F}.Release|Any CPU.Build.0 = Release|Any CPU
		{33B17623-29CA-41E8-A1EF-264D28D5B85B}.Debug|Any CPU.ActiveCfg = Debug|Any CPU
		{33B17623-29CA-41E8-A1EF-264D28D5B85B}.Debug|Any CPU.Build.0 = Debug|Any CPU
		{33B17623-29CA-41E8-A1EF-264D28D5B85B}.Release|Any CPU.ActiveCfg = Release|Any CPU
		{33B17623-29CA-41E8-A1EF-264D28D5B85B}.Release|Any CPU.Build.0 = Release|Any CPU
		{0848695B-0062-4BDB-914A-0B4FD87FBF35}.Debug|Any CPU.ActiveCfg = Debug|Any CPU
		{0848695B-0062-4BDB-914A-0B4FD87FBF35}.Debug|Any CPU.Build.0 = Debug|Any CPU
		{0848695B-0062-4BDB-914A-0B4FD87FBF35}.Release|Any CPU.ActiveCfg = Release|Any CPU
		{0848695B-0062-4BDB-914A-0B4FD87FBF35}.Release|Any CPU.Build.0 = Release|Any CPU
	EndGlobalSection
	GlobalSection(SolutionProperties) = preSolution
		HideSolutionNode = FALSE
	EndGlobalSection
	GlobalSection(ExtensibilityGlobals) = postSolution
		SolutionGuid = {B6F82525-E176-4795-A3EF-33D51CBC008D}
	EndGlobalSection
EndGlobal
